
Microsoft Visual Studio Solution File, Format Version 12.00
# Visual Studio Version 16
VisualStudioVersion = 16.0.31112.23
MinimumVisualStudioVersion = 10.0.40219.1
Project("{8BC9CEB8-8B4A-11D0-8D11-00A0C91BC942}") = "stl_notes", "stl_notes\stl_notes.vcxproj", "{B1C5C8BD-A302-439A-8A4D-BEED66A68906}"
EndProject
Project("{2150E333-8FDC-42A3-9474-1A3956D46DE8}") = "stl_source_code_analysis", "stl_source_code_analysis", "{AE1E8AA0-D404-4FEC-870A-599EE05DDB1D}"
EndProject
Project("{8BC9CEB8-8B4A-11D0-8D11-00A0C91BC942}") = "stl_src_analysis_01", "stl_src_analysis_01\stl_src_analysis_01.vcxproj", "{54DFC239-8AC5-41EF-89B4-90A7465D2DFE}"
EndProject
Project("{8BC9CEB8-8B4A-11D0-8D11-00A0C91BC942}") = "stl_src_analysis_02", "stl_src_analysis_02\stl_src_analysis_02.vcxproj", "{D91E6E51-18E8-4D2E-BCA7-687DCD9875E1}"
EndProject
Project("{8BC9CEB8-8B4A-11D0-8D11-00A0C91BC942}") = "stl_src_analysis_03", "stl_src_analysis_03\stl_src_analysis_03.vcxproj", "{4BDDFF44-FA0F-49D5-BDDC-9EF3BB5B70F1}"
EndProject
Project("{8BC9CEB8-8B4A-11D0-8D11-00A0C91BC942}") = "stl_src_analysis_04", "stl_src_analysis_04\stl_src_analysis_04.vcxproj", "{7064E44B-E11D-4CC2-B5DD-BA147B9EC195}"
EndProject
Project("{8BC9CEB8-8B4A-11D0-8D11-00A0C91BC942}") = "stl_src_analysis_05", "stl_src_analysis_05\stl_src_analysis_05.vcxproj", "{DAE28596-BCA2-4585-9716-55E51E3790EB}"
EndProject
Project("{8BC9CEB8-8B4A-11D0-8D11-00A0C91BC942}") = "stl_src_analysis_06", "stl_src_analysis_06\stl_src_analysis_06.vcxproj", "{EFD179D8-8413-4AF6-AAC4-A6DEF45271BE}"
EndProject
Project("{8BC9CEB8-8B4A-11D0-8D11-00A0C91BC942}") = "stl_src_analysis_07", "stl_src_analysis_07\stl_src_analysis_07.vcxproj", "{C016A0DD-D5C1-4002-87A9-2053D115E17E}"
EndProject
Global
	GlobalSection(SolutionConfigurationPlatforms) = preSolution
		Debug|x64 = Debug|x64
		Debug|x86 = Debug|x86
		Release|x64 = Release|x64
		Release|x86 = Release|x86
	EndGlobalSection
	GlobalSection(ProjectConfigurationPlatforms) = postSolution
		{B1C5C8BD-A302-439A-8A4D-BEED66A68906}.Debug|x64.ActiveCfg = Debug|x64
		{B1C5C8BD-A302-439A-8A4D-BEED66A68906}.Debug|x64.Build.0 = Debug|x64
		{B1C5C8BD-A302-439A-8A4D-BEED66A68906}.Debug|x86.ActiveCfg = Debug|Win32
		{B1C5C8BD-A302-439A-8A4D-BEED66A68906}.Debug|x86.Build.0 = Debug|Win32
		{B1C5C8BD-A302-439A-8A4D-BEED66A68906}.Release|x64.ActiveCfg = Release|x64
		{B1C5C8BD-A302-439A-8A4D-BEED66A68906}.Release|x64.Build.0 = Release|x64
		{B1C5C8BD-A302-439A-8A4D-BEED66A68906}.Release|x86.ActiveCfg = Release|Win32
		{B1C5C8BD-A302-439A-8A4D-BEED66A68906}.Release|x86.Build.0 = Release|Win32
		{54DFC239-8AC5-41EF-89B4-90A7465D2DFE}.Debug|x64.ActiveCfg = Debug|x64
		{54DFC239-8AC5-41EF-89B4-90A7465D2DFE}.Debug|x64.Build.0 = Debug|x64
		{54DFC239-8AC5-41EF-89B4-90A7465D2DFE}.Debug|x86.ActiveCfg = Debug|Win32
		{54DFC239-8AC5-41EF-89B4-90A7465D2DFE}.Debug|x86.Build.0 = Debug|Win32
		{54DFC239-8AC5-41EF-89B4-90A7465D2DFE}.Release|x64.ActiveCfg = Release|x64
		{54DFC239-8AC5-41EF-89B4-90A7465D2DFE}.Release|x64.Build.0 = Release|x64
		{54DFC239-8AC5-41EF-89B4-90A7465D2DFE}.Release|x86.ActiveCfg = Release|Win32
		{54DFC239-8AC5-41EF-89B4-90A7465D2DFE}.Release|x86.Build.0 = Release|Win32
		{D91E6E51-18E8-4D2E-BCA7-687DCD9875E1}.Debug|x64.ActiveCfg = Debug|x64
		{D91E6E51-18E8-4D2E-BCA7-687DCD9875E1}.Debug|x64.Build.0 = Debug|x64
		{D91E6E51-18E8-4D2E-BCA7-687DCD9875E1}.Debug|x86.ActiveCfg = Debug|Win32
		{D91E6E51-18E8-4D2E-BCA7-687DCD9875E1}.Debug|x86.Build.0 = Debug|Win32
		{D91E6E51-18E8-4D2E-BCA7-687DCD9875E1}.Release|x64.ActiveCfg = Release|x64
		{D91E6E51-18E8-4D2E-BCA7-687DCD9875E1}.Release|x64.Build.0 = Release|x64
		{D91E6E51-18E8-4D2E-BCA7-687DCD9875E1}.Release|x86.ActiveCfg = Release|Win32
		{D91E6E51-18E8-4D2E-BCA7-687DCD9875E1}.Release|x86.Build.0 = Release|Win32
		{4BDDFF44-FA0F-49D5-BDDC-9EF3BB5B70F1}.Debug|x64.ActiveCfg = Debug|x64
		{4BDDFF44-FA0F-49D5-BDDC-9EF3BB5B70F1}.Debug|x64.Build.0 = Debug|x64
		{4BDDFF44-FA0F-49D5-BDDC-9EF3BB5B70F1}.Debug|x86.ActiveCfg = Debug|Win32
		{4BDDFF44-FA0F-49D5-BDDC-9EF3BB5B70F1}.Debug|x86.Build.0 = Debug|Win32
		{4BDDFF44-FA0F-49D5-BDDC-9EF3BB5B70F1}.Release|x64.ActiveCfg = Release|x64
		{4BDDFF44-FA0F-49D5-BDDC-9EF3BB5B70F1}.Release|x64.Build.0 = Release|x64
		{4BDDFF44-FA0F-49D5-BDDC-9EF3BB5B70F1}.Release|x86.ActiveCfg = Release|Win32
		{4BDDFF44-FA0F-49D5-BDDC-9EF3BB5B70F1}.Release|x86.Build.0 = Release|Win32
		{7064E44B-E11D-4CC2-B5DD-BA147B9EC195}.Debug|x64.ActiveCfg = Debug|x64
		{7064E44B-E11D-4CC2-B5DD-BA147B9EC195}.Debug|x64.Build.0 = Debug|x64
		{7064E44B-E11D-4CC2-B5DD-BA147B9EC195}.Debug|x86.ActiveCfg = Debug|Win32
		{7064E44B-E11D-4CC2-B5DD-BA147B9EC195}.Debug|x86.Build.0 = Debug|Win32
		{7064E44B-E11D-4CC2-B5DD-BA147B9EC195}.Release|x64.ActiveCfg = Release|x64
		{7064E44B-E11D-4CC2-B5DD-BA147B9EC195}.Release|x64.Build.0 = Release|x64
		{7064E44B-E11D-4CC2-B5DD-BA147B9EC195}.Release|x86.ActiveCfg = Release|Win32
		{7064E44B-E11D-4CC2-B5DD-BA147B9EC195}.Release|x86.Build.0 = Release|Win32
		{DAE28596-BCA2-4585-9716-55E51E3790EB}.Debug|x64.ActiveCfg = Debug|x64
		{DAE28596-BCA2-4585-9716-55E51E3790EB}.Debug|x64.Build.0 = Debug|x64
		{DAE28596-BCA2-4585-9716-55E51E3790EB}.Debug|x86.ActiveCfg = Debug|Win32
		{DAE28596-BCA2-4585-9716-55E51E3790EB}.Debug|x86.Build.0 = Debug|Win32
		{DAE28596-BCA2-4585-9716-55E51E3790EB}.Release|x64.ActiveCfg = Release|x64
		{DAE28596-BCA2-4585-9716-55E51E3790EB}.Release|x64.Build.0 = Release|x64
		{DAE28596-BCA2-4585-9716-55E51E3790EB}.Release|x86.ActiveCfg = Release|Win32
		{DAE28596-BCA2-4585-9716-55E51E3790EB}.Release|x86.Build.0 = Release|Win32
		{EFD179D8-8413-4AF6-AAC4-A6DEF45271BE}.Debug|x64.ActiveCfg = Debug|x64
		{EFD179D8-8413-4AF6-AAC4-A6DEF45271BE}.Debug|x64.Build.0 = Debug|x64
		{EFD179D8-8413-4AF6-AAC4-A6DEF45271BE}.Debug|x86.ActiveCfg = Debug|Win32
		{EFD179D8-8413-4AF6-AAC4-A6DEF45271BE}.Debug|x86.Build.0 = Debug|Win32
		{EFD179D8-8413-4AF6-AAC4-A6DEF45271BE}.Release|x64.ActiveCfg = Release|x64
		{EFD179D8-8413-4AF6-AAC4-A6DEF45271BE}.Release|x64.Build.0 = Release|x64
		{EFD179D8-8413-4AF6-AAC4-A6DEF45271BE}.Release|x86.ActiveCfg = Release|Win32
		{EFD179D8-8413-4AF6-AAC4-A6DEF45271BE}.Release|x86.Build.0 = Release|Win32
		{C016A0DD-D5C1-4002-87A9-2053D115E17E}.Debug|x64.ActiveCfg = Debug|x64
		{C016A0DD-D5C1-4002-87A9-2053D115E17E}.Debug|x64.Build.0 = Debug|x64
		{C016A0DD-D5C1-4002-87A9-2053D115E17E}.Debug|x86.ActiveCfg = Debug|Win32
		{C016A0DD-D5C1-4002-87A9-2053D115E17E}.Debug|x86.Build.0 = Debug|Win32
		{C016A0DD-D5C1-4002-87A9-2053D115E17E}.Release|x64.ActiveCfg = Release|x64
		{C016A0DD-D5C1-4002-87A9-2053D115E17E}.Release|x64.Build.0 = Release|x64
		{C016A0DD-D5C1-4002-87A9-2053D115E17E}.Release|x86.ActiveCfg = Release|Win32
		{C016A0DD-D5C1-4002-87A9-2053D115E17E}.Release|x86.Build.0 = Release|Win32
	EndGlobalSection
	GlobalSection(SolutionProperties) = preSolution
		HideSolutionNode = FALSE
	EndGlobalSection
	GlobalSection(NestedProjects) = preSolution
		{54DFC239-8AC5-41EF-89B4-90A7465D2DFE} = {AE1E8AA0-D404-4FEC-870A-599EE05DDB1D}
		{D91E6E51-18E8-4D2E-BCA7-687DCD9875E1} = {AE1E8AA0-D404-4FEC-870A-599EE05DDB1D}
		{4BDDFF44-FA0F-49D5-BDDC-9EF3BB5B70F1} = {AE1E8AA0-D404-4FEC-870A-599EE05DDB1D}
		{7064E44B-E11D-4CC2-B5DD-BA147B9EC195} = {AE1E8AA0-D404-4FEC-870A-599EE05DDB1D}
		{DAE28596-BCA2-4585-9716-55E51E3790EB} = {AE1E8AA0-D404-4FEC-870A-599EE05DDB1D}
		{EFD179D8-8413-4AF6-AAC4-A6DEF45271BE} = {AE1E8AA0-D404-4FEC-870A-599EE05DDB1D}
		{C016A0DD-D5C1-4002-87A9-2053D115E17E} = {AE1E8AA0-D404-4FEC-870A-599EE05DDB1D}
	EndGlobalSection
	GlobalSection(ExtensibilityGlobals) = postSolution
		SolutionGuid = {9ECAAA54-96C2-43E2-8A97-05C47913408B}
	EndGlobalSection
EndGlobal
